
Microsoft Visual Studio Solution File, Format Version 12.00
# Visual Studio 14
VisualStudioVersion = 14.0.25420.1
MinimumVisualStudioVersion = 10.0.40219.1
Project("{8BC9CEB8-8B4A-11D0-8D11-00A0C91BC942}") = "Helloworld", "Helloworld\Helloworld.vcxproj", "{3FA03628-7CB0-4F83-BE01-5423C84967E3}"
EndProject
Project("{8BC9CEB8-8B4A-11D0-8D11-00A0C91BC942}") = "WindowTest", "WindowTest\WindowTest.vcxproj", "{5FABDAFB-3379-4C67-AF2B-6280104485CF}"
EndProject
Project("{8BC9CEB8-8B4A-11D0-8D11-00A0C91BC942}") = "Real-Time", "Real-Time\Real-Time.vcxproj", "{B9B4B380-1352-49D3-97CE-4E7DF840E001}"
EndProject
Global
	GlobalSection(SolutionConfigurationPlatforms) = preSolution
		Debug|x64 = Debug|x64
		Debug|x86 = Debug|x86
		Release|x64 = Release|x64
		Release|x86 = Release|x86
	EndGlobalSection
	GlobalSection(ProjectConfigurationPlatforms) = postSolution
		{3FA03628-7CB0-4F83-BE01-5423C84967E3}.Debug|x64.ActiveCfg = Debug|x64
		{3FA03628-7CB0-4F83-BE01-5423C84967E3}.Debug|x64.Build.0 = Debug|x64
		{3FA03628-7CB0-4F83-BE01-5423C84967E3}.Debug|x86.ActiveCfg = Debug|Win32
		{3FA03628-7CB0-4F83-BE01-5423C84967E3}.Debug|x86.Build.0 = Debug|Win32
		{3FA03628-7CB0-4F83-BE01-5423C84967E3}.Release|x64.ActiveCfg = Release|x64
		{3FA03628-7CB0-4F83-BE01-5423C84967E3}.Release|x64.Build.0 = Release|x64
		{3FA03628-7CB0-4F83-BE01-5423C84967E3}.Release|x86.ActiveCfg = Release|Win32
		{3FA03628-7CB0-4F83-BE01-5423C84967E3}.Release|x86.Build.0 = Release|Win32
		{5FABDAFB-3379-4C67-AF2B-6280104485CF}.Debug|x64.ActiveCfg = Debug|x64
		{5FABDAFB-3379-4C67-AF2B-6280104485CF}.Debug|x64.Build.0 = Debug|x64
		{5FABDAFB-3379-4C67-AF2B-6280104485CF}.Debug|x86.ActiveCfg = Debug|Win32
		{5FABDAFB-3379-4C67-AF2B-6280104485CF}.Debug|x86.Build.0 = Debug|Win32
		{5FABDAFB-3379-4C67-AF2B-6280104485CF}.Release|x64.ActiveCfg = Release|x64
		{5FABDAFB-3379-4C67-AF2B-6280104485CF}.Release|x64.Build.0 = Release|x64
		{5FABDAFB-3379-4C67-AF2B-6280104485CF}.Release|x86.ActiveCfg = Release|Win32
		{5FABDAFB-3379-4C67-AF2B-6280104485CF}.Release|x86.Build.0 = Release|Win32
		{B9B4B380-1352-49D3-97CE-4E7DF840E001}.Debug|x64.ActiveCfg = Debug|x64
		{B9B4B380-1352-49D3-97CE-4E7DF840E001}.Debug|x64.Build.0 = Debug|x64
		{B9B4B380-1352-49D3-97CE-4E7DF840E001}.Debug|x86.ActiveCfg = Debug|Win32
		{B9B4B380-1352-49D3-97CE-4E7DF840E001}.Debug|x86.Build.0 = Debug|Win32
		{B9B4B380-1352-49D3-97CE-4E7DF840E001}.Release|x64.ActiveCfg = Release|x64
		{B9B4B380-1352-49D3-97CE-4E7DF840E001}.Release|x64.Build.0 = Release|x64
		{B9B4B380-1352-49D3-97CE-4E7DF840E001}.Release|x86.ActiveCfg = Release|Win32
		{B9B4B380-1352-49D3-97CE-4E7DF840E001}.Release|x86.Build.0 = Release|Win32
	EndGlobalSection
	GlobalSection(SolutionProperties) = preSolution
		HideSolutionNode = FALSE
	EndGlobalSection
EndGlobal
