
Microsoft Visual Studio Solution File, Format Version 12.00
# Visual Studio 14
VisualStudioVersion = 14.0.25420.1
MinimumVisualStudioVersion = 10.0.40219.1
Project("{8BC9CEB8-8B4A-11D0-8D11-00A0C91BC942}") = "Frirst", "Frirst\Frirst.vcxproj", "{0B4E08AB-381B-4A62-B645-35D05943436C}"
EndProject
Project("{8BC9CEB8-8B4A-11D0-8D11-00A0C91BC942}") = "Surface", "Surface\Surface.vcxproj", "{951EA892-107F-4CE4-B6D9-188B750B0D2D}"
EndProject
Project("{8BC9CEB8-8B4A-11D0-8D11-00A0C91BC942}") = "Ball", "Ball\Ball.vcxproj", "{0BD23C97-6B54-417D-9F7B-877F9E4020E0}"
EndProject
Project("{8BC9CEB8-8B4A-11D0-8D11-00A0C91BC942}") = "Kitty", "Kitty\Kitty.vcxproj", "{AFC724C7-6C00-467D-8BB8-615513FB2AA1}"
EndProject
Project("{8BC9CEB8-8B4A-11D0-8D11-00A0C91BC942}") = "Basic", "Basic\Basic.vcxproj", "{AABDB2DF-0AD4-4C3D-B06A-ABD03C69D7E2}"
EndProject
Global
	GlobalSection(SolutionConfigurationPlatforms) = preSolution
		Debug|x64 = Debug|x64
		Debug|x86 = Debug|x86
		Release|x64 = Release|x64
		Release|x86 = Release|x86
	EndGlobalSection
	GlobalSection(ProjectConfigurationPlatforms) = postSolution
		{0B4E08AB-381B-4A62-B645-35D05943436C}.Debug|x64.ActiveCfg = Debug|x64
		{0B4E08AB-381B-4A62-B645-35D05943436C}.Debug|x64.Build.0 = Debug|x64
		{0B4E08AB-381B-4A62-B645-35D05943436C}.Debug|x86.ActiveCfg = Debug|Win32
		{0B4E08AB-381B-4A62-B645-35D05943436C}.Debug|x86.Build.0 = Debug|Win32
		{0B4E08AB-381B-4A62-B645-35D05943436C}.Release|x64.ActiveCfg = Release|x64
		{0B4E08AB-381B-4A62-B645-35D05943436C}.Release|x64.Build.0 = Release|x64
		{0B4E08AB-381B-4A62-B645-35D05943436C}.Release|x86.ActiveCfg = Release|Win32
		{0B4E08AB-381B-4A62-B645-35D05943436C}.Release|x86.Build.0 = Release|Win32
		{951EA892-107F-4CE4-B6D9-188B750B0D2D}.Debug|x64.ActiveCfg = Debug|x64
		{951EA892-107F-4CE4-B6D9-188B750B0D2D}.Debug|x64.Build.0 = Debug|x64
		{951EA892-107F-4CE4-B6D9-188B750B0D2D}.Debug|x86.ActiveCfg = Debug|Win32
		{951EA892-107F-4CE4-B6D9-188B750B0D2D}.Debug|x86.Build.0 = Debug|Win32
		{951EA892-107F-4CE4-B6D9-188B750B0D2D}.Release|x64.ActiveCfg = Release|x64
		{951EA892-107F-4CE4-B6D9-188B750B0D2D}.Release|x64.Build.0 = Release|x64
		{951EA892-107F-4CE4-B6D9-188B750B0D2D}.Release|x86.ActiveCfg = Release|Win32
		{951EA892-107F-4CE4-B6D9-188B750B0D2D}.Release|x86.Build.0 = Release|Win32
		{0BD23C97-6B54-417D-9F7B-877F9E4020E0}.Debug|x64.ActiveCfg = Debug|x64
		{0BD23C97-6B54-417D-9F7B-877F9E4020E0}.Debug|x64.Build.0 = Debug|x64
		{0BD23C97-6B54-417D-9F7B-877F9E4020E0}.Debug|x86.ActiveCfg = Debug|Win32
		{0BD23C97-6B54-417D-9F7B-877F9E4020E0}.Debug|x86.Build.0 = Debug|Win32
		{0BD23C97-6B54-417D-9F7B-877F9E4020E0}.Release|x64.ActiveCfg = Release|x64
		{0BD23C97-6B54-417D-9F7B-877F9E4020E0}.Release|x64.Build.0 = Release|x64
		{0BD23C97-6B54-417D-9F7B-877F9E4020E0}.Release|x86.ActiveCfg = Release|Win32
		{0BD23C97-6B54-417D-9F7B-877F9E4020E0}.Release|x86.Build.0 = Release|Win32
		{AFC724C7-6C00-467D-8BB8-615513FB2AA1}.Debug|x64.ActiveCfg = Debug|x64
		{AFC724C7-6C00-467D-8BB8-615513FB2AA1}.Debug|x64.Build.0 = Debug|x64
		{AFC724C7-6C00-467D-8BB8-615513FB2AA1}.Debug|x86.ActiveCfg = Debug|Win32
		{AFC724C7-6C00-467D-8BB8-615513FB2AA1}.Debug|x86.Build.0 = Debug|Win32
		{AFC724C7-6C00-467D-8BB8-615513FB2AA1}.Release|x64.ActiveCfg = Release|x64
		{AFC724C7-6C00-467D-8BB8-615513FB2AA1}.Release|x64.Build.0 = Release|x64
		{AFC724C7-6C00-467D-8BB8-615513FB2AA1}.Release|x86.ActiveCfg = Release|Win32
		{AFC724C7-6C00-467D-8BB8-615513FB2AA1}.Release|x86.Build.0 = Release|Win32
		{AABDB2DF-0AD4-4C3D-B06A-ABD03C69D7E2}.Debug|x64.ActiveCfg = Debug|x64
		{AABDB2DF-0AD4-4C3D-B06A-ABD03C69D7E2}.Debug|x64.Build.0 = Debug|x64
		{AABDB2DF-0AD4-4C3D-B06A-ABD03C69D7E2}.Debug|x86.ActiveCfg = Debug|Win32
		{AABDB2DF-0AD4-4C3D-B06A-ABD03C69D7E2}.Debug|x86.Build.0 = Debug|Win32
		{AABDB2DF-0AD4-4C3D-B06A-ABD03C69D7E2}.Release|x64.ActiveCfg = Release|x64
		{AABDB2DF-0AD4-4C3D-B06A-ABD03C69D7E2}.Release|x64.Build.0 = Release|x64
		{AABDB2DF-0AD4-4C3D-B06A-ABD03C69D7E2}.Release|x86.ActiveCfg = Release|Win32
		{AABDB2DF-0AD4-4C3D-B06A-ABD03C69D7E2}.Release|x86.Build.0 = Release|Win32
	EndGlobalSection
	GlobalSection(SolutionProperties) = preSolution
		HideSolutionNode = FALSE
	EndGlobalSection
EndGlobal
